
Microsoft Visual Studio Solution File, Format Version 11.00
# Visual C# Express 2010
Project("{FAE04EC0-301F-11D3-BF4B-00C04F79EFBC}") = "CalculadoraBasica", "CalculadoraBasica\CalculadoraBasica.csproj", "{95D77407-FC49-4809-90E8-84306AB4C562}"
EndProject
Global
	GlobalSection(SolutionConfigurationPlatforms) = preSolution
		Debug|x86 = Debug|x86
		Release|x86 = Release|x86
	EndGlobalSection
	GlobalSection(ProjectConfigurationPlatforms) = postSolution
		{95D77407-FC49-4809-90E8-84306AB4C562}.Debug|x86.ActiveCfg = Debug|x86
		{95D77407-FC49-4809-90E8-84306AB4C562}.Debug|x86.Build.0 = Debug|x86
		{95D77407-FC49-4809-90E8-84306AB4C562}.Release|x86.ActiveCfg = Release|x86
		{95D77407-FC49-4809-90E8-84306AB4C562}.Release|x86.Build.0 = Release|x86
	EndGlobalSection
	GlobalSection(SolutionProperties) = preSolution
		HideSolutionNode = FALSE
	EndGlobalSection
EndGlobal
